// !$*UTF8*$!
{
	archiveVersion = 1;
	classes = {
	};
	objectVersion = 50;
	objects = {

/* Begin PBXBuildFile section */
		C704FC3722F7319B00474F4E /* AppDelegate.swift in Sources */ = {isa = PBXBuildFile; fileRef = C704FC3622F7319B00474F4E /* AppDelegate.swift */; };
		C704FC3922F7319B00474F4E /* ViewController.swift in Sources */ = {isa = PBXBuildFile; fileRef = C704FC3822F7319B00474F4E /* ViewController.swift */; };
		C704FC3C22F7319B00474F4E /* Main.storyboard in Resources */ = {isa = PBXBuildFile; fileRef = C704FC3A22F7319B00474F4E /* Main.storyboard */; };
		C704FC3E22F7319C00474F4E /* Assets.xcassets in Resources */ = {isa = PBXBuildFile; fileRef = C704FC3D22F7319C00474F4E /* Assets.xcassets */; };
		C704FC4122F7319C00474F4E /* LaunchScreen.storyboard in Resources */ = {isa = PBXBuildFile; fileRef = C704FC3F22F7319C00474F4E /* LaunchScreen.storyboard */; };
		C704FC4C22F7319D00474F4E /* FoodTracksTests.swift in Sources */ = {isa = PBXBuildFile; fileRef = C704FC4B22F7319D00474F4E /* FoodTracksTests.swift */; };
		C704FC5722F7319D00474F4E /* FoodTracksUITests.swift in Sources */ = {isa = PBXBuildFile; fileRef = C704FC5622F7319D00474F4E /* FoodTracksUITests.swift */; };
/* End PBXBuildFile section */

/* Begin PBXContainerItemProxy section */
		C704FC4822F7319D00474F4E /* PBXContainerItemProxy */ = {
			isa = PBXContainerItemProxy;
			containerPortal = C704FC2B22F7319B00474F4E /* Project object */;
			proxyType = 1;
			remoteGlobalIDString = C704FC3222F7319B00474F4E;
			remoteInfo = FoodTracks;
		};
		C704FC5322F7319D00474F4E /* PBXContainerItemProxy */ = {
			isa = PBXContainerItemProxy;
			containerPortal = C704FC2B22F7319B00474F4E /* Project object */;
			proxyType = 1;
			remoteGlobalIDString = C704FC3222F7319B00474F4E;
			remoteInfo = FoodTracks;
		};
/* End PBXContainerItemProxy section */

/* Begin PBXFileReference section */
		C704FC3322F7319B00474F4E /* FoodTracks.app */ = {isa = PBXFileReference; explicitFileType = wrapper.application; includeInIndex = 0; path = FoodTracks.app; sourceTree = BUILT_PRODUCTS_DIR; };
		C704FC3622F7319B00474F4E /* AppDelegate.swift */ = {isa = PBXFileReference; lastKnownFileType = sourcecode.swift; path = AppDelegate.swift; sourceTree = "<group>"; };
		C704FC3822F7319B00474F4E /* ViewController.swift */ = {isa = PBXFileReference; lastKnownFileType = sourcecode.swift; path = ViewController.swift; sourceTree = "<group>"; };
		C704FC3B22F7319B00474F4E /* Base */ = {isa = PBXFileReference; lastKnownFileType = file.storyboard; name = Base; path = Base.lproj/Main.storyboard; sourceTree = "<group>"; };
		C704FC3D22F7319C00474F4E /* Assets.xcassets */ = {isa = PBXFileReference; lastKnownFileType = folder.assetcatalog; path = Assets.xcassets; sourceTree = "<group>"; };
		C704FC4022F7319C00474F4E /* Base */ = {isa = PBXFileReference; lastKnownFileType = file.storyboard; name = Base; path = Base.lproj/LaunchScreen.storyboard; sourceTree = "<group>"; };
		C704FC4222F7319C00474F4E /* Info.plist */ = {isa = PBXFileReference; lastKnownFileType = text.plist.xml; path = Info.plist; sourceTree = "<group>"; };
		C704FC4722F7319D00474F4E /* FoodTracksTests.xctest */ = {isa = PBXFileReference; explicitFileType = wrapper.cfbundle; includeInIndex = 0; path = FoodTracksTests.xctest; sourceTree = BUILT_PRODUCTS_DIR; };
		C704FC4B22F7319D00474F4E /* FoodTracksTests.swift */ = {isa = PBXFileReference; lastKnownFileType = sourcecode.swift; path = FoodTracksTests.swift; sourceTree = "<group>"; };
		C704FC4D22F7319D00474F4E /* Info.plist */ = {isa = PBXFileReference; lastKnownFileType = text.plist.xml; path = Info.plist; sourceTree = "<group>"; };
		C704FC5222F7319D00474F4E /* FoodTracksUITests.xctest */ = {isa = PBXFileReference; explicitFileType = wrapper.cfbundle; includeInIndex = 0; path = FoodTracksUITests.xctest; sourceTree = BUILT_PRODUCTS_DIR; };
		C704FC5622F7319D00474F4E /* FoodTracksUITests.swift */ = {isa = PBXFileReference; lastKnownFileType = sourcecode.swift; path = FoodTracksUITests.swift; sourceTree = "<group>"; };
		C704FC5822F7319D00474F4E /* Info.plist */ = {isa = PBXFileReference; lastKnownFileType = text.plist.xml; path = Info.plist; sourceTree = "<group>"; };
/* End PBXFileReference section */

/* Begin PBXFrameworksBuildPhase section */
		C704FC3022F7319B00474F4E /* Frameworks */ = {
			isa = PBXFrameworksBuildPhase;
			buildActionMask = 2147483647;
			files = (
			);
			runOnlyForDeploymentPostprocessing = 0;
		};
		C704FC4422F7319D00474F4E /* Frameworks */ = {
			isa = PBXFrameworksBuildPhase;
			buildActionMask = 2147483647;
			files = (
			);
			runOnlyForDeploymentPostprocessing = 0;
		};
		C704FC4F22F7319D00474F4E /* Frameworks */ = {
			isa = PBXFrameworksBuildPhase;
			buildActionMask = 2147483647;
			files = (
			);
			runOnlyForDeploymentPostprocessing = 0;
		};
/* End PBXFrameworksBuildPhase section */

/* Begin PBXGroup section */
		C704FC2A22F7319B00474F4E = {
			isa = PBXGroup;
			children = (
				C704FC3522F7319B00474F4E /* FoodTracks */,
				C704FC4A22F7319D00474F4E /* FoodTracksTests */,
				C704FC5522F7319D00474F4E /* FoodTracksUITests */,
				C704FC3422F7319B00474F4E /* Products */,
			);
			sourceTree = "<group>";
		};
		C704FC3422F7319B00474F4E /* Products */ = {
			isa = PBXGroup;
			children = (
				C704FC3322F7319B00474F4E /* FoodTracks.app */,
				C704FC4722F7319D00474F4E /* FoodTracksTests.xctest */,
				C704FC5222F7319D00474F4E /* FoodTracksUITests.xctest */,
			);
			name = Products;
			sourceTree = "<group>";
		};
		C704FC3522F7319B00474F4E /* FoodTracks */ = {
			isa = PBXGroup;
			children = (
				C704FC3622F7319B00474F4E /* AppDelegate.swift */,
				C704FC3822F7319B00474F4E /* ViewController.swift */,
				C704FC3A22F7319B00474F4E /* Main.storyboard */,
				C704FC3D22F7319C00474F4E /* Assets.xcassets */,
				C704FC3F22F7319C00474F4E /* LaunchScreen.storyboard */,
				C704FC4222F7319C00474F4E /* Info.plist */,
			);
			path = FoodTracks;
			sourceTree = "<group>";
		};
		C704FC4A22F7319D00474F4E /* FoodTracksTests */ = {
			isa = PBXGroup;
			children = (
				C704FC4B22F7319D00474F4E /* FoodTracksTests.swift */,
				C704FC4D22F7319D00474F4E /* Info.plist */,
			);
			path = FoodTracksTests;
			sourceTree = "<group>";
		};
		C704FC5522F7319D00474F4E /* FoodTracksUITests */ = {
			isa = PBXGroup;
			children = (
				C704FC5622F7319D00474F4E /* FoodTracksUITests.swift */,
				C704FC5822F7319D00474F4E /* Info.plist */,
			);
			path = FoodTracksUITests;
			sourceTree = "<group>";
		};
/* End PBXGroup section */

/* Begin PBXNativeTarget section */
		C704FC3222F7319B00474F4E /* FoodTracks */ = {
			isa = PBXNativeTarget;
			buildConfigurationList = C704FC5B22F7319D00474F4E /* Build configuration list for PBXNativeTarget "FoodTracks" */;
			buildPhases = (
				C704FC2F22F7319B00474F4E /* Sources */,
				C704FC3022F7319B00474F4E /* Frameworks */,
				C704FC3122F7319B00474F4E /* Resources */,
			);
			buildRules = (
			);
			dependencies = (
			);
			name = FoodTracks;
			productName = FoodTracks;
			productReference = C704FC3322F7319B00474F4E /* FoodTracks.app */;
			productType = "com.apple.product-type.application";
		};
		C704FC4622F7319D00474F4E /* FoodTracksTests */ = {
			isa = PBXNativeTarget;
			buildConfigurationList = C704FC5E22F7319D00474F4E /* Build configuration list for PBXNativeTarget "FoodTracksTests" */;
			buildPhases = (
				C704FC4322F7319D00474F4E /* Sources */,
				C704FC4422F7319D00474F4E /* Frameworks */,
				C704FC4522F7319D00474F4E /* Resources */,
			);
			buildRules = (
			);
			dependencies = (
				C704FC4922F7319D00474F4E /* PBXTargetDependency */,
			);
			name = FoodTracksTests;
			productName = FoodTracksTests;
			productReference = C704FC4722F7319D00474F4E /* FoodTracksTests.xctest */;
			productType = "com.apple.product-type.bundle.unit-test";
		};
		C704FC5122F7319D00474F4E /* FoodTracksUITests */ = {
			isa = PBXNativeTarget;
			buildConfigurationList = C704FC6122F7319D00474F4E /* Build configuration list for PBXNativeTarget "FoodTracksUITests" */;
			buildPhases = (
				C704FC4E22F7319D00474F4E /* Sources */,
				C704FC4F22F7319D00474F4E /* Frameworks */,
				C704FC5022F7319D00474F4E /* Resources */,
			);
			buildRules = (
			);
			dependencies = (
				C704FC5422F7319D00474F4E /* PBXTargetDependency */,
			);
			name = FoodTracksUITests;
			productName = FoodTracksUITests;
			productReference = C704FC5222F7319D00474F4E /* FoodTracksUITests.xctest */;
			productType = "com.apple.product-type.bundle.ui-testing";
		};
/* End PBXNativeTarget section */

/* Begin PBXProject section */
		C704FC2B22F7319B00474F4E /* Project object */ = {
			isa = PBXProject;
			attributes = {
				LastSwiftUpdateCheck = 1030;
				LastUpgradeCheck = 1030;
				ORGANIZATIONNAME = "Justin Vargas";
				TargetAttributes = {
					C704FC3222F7319B00474F4E = {
						CreatedOnToolsVersion = 10.3;
					};
					C704FC4622F7319D00474F4E = {
						CreatedOnToolsVersion = 10.3;
						TestTargetID = C704FC3222F7319B00474F4E;
					};
					C704FC5122F7319D00474F4E = {
						CreatedOnToolsVersion = 10.3;
						TestTargetID = C704FC3222F7319B00474F4E;
					};
				};
			};
			buildConfigurationList = C704FC2E22F7319B00474F4E /* Build configuration list for PBXProject "FoodTracks" */;
			compatibilityVersion = "Xcode 9.3";
			developmentRegion = en;
			hasScannedForEncodings = 0;
			knownRegions = (
				en,
				Base,
			);
			mainGroup = C704FC2A22F7319B00474F4E;
			productRefGroup = C704FC3422F7319B00474F4E /* Products */;
			projectDirPath = "";
			projectRoot = "";
			targets = (
				C704FC3222F7319B00474F4E /* FoodTracks */,
				C704FC4622F7319D00474F4E /* FoodTracksTests */,
				C704FC5122F7319D00474F4E /* FoodTracksUITests */,
			);
		};
/* End PBXProject section */

/* Begin PBXResourcesBuildPhase section */
		C704FC3122F7319B00474F4E /* Resources */ = {
			isa = PBXResourcesBuildPhase;
			buildActionMask = 2147483647;
			files = (
				C704FC4122F7319C00474F4E /* LaunchScreen.storyboard in Resources */,
				C704FC3E22F7319C00474F4E /* Assets.xcassets in Resources */,
				C704FC3C22F7319B00474F4E /* Main.storyboard in Resources */,
			);
			runOnlyForDeploymentPostprocessing = 0;
		};
		C704FC4522F7319D00474F4E /* Resources */ = {
			isa = PBXResourcesBuildPhase;
			buildActionMask = 2147483647;
			files = (
			);
			runOnlyForDeploymentPostprocessing = 0;
		};
		C704FC5022F7319D00474F4E /* Resources */ = {
			isa = PBXResourcesBuildPhase;
			buildActionMask = 2147483647;
			files = (
			);
			runOnlyForDeploymentPostprocessing = 0;
		};
/* End PBXResourcesBuildPhase section */

/* Begin PBXSourcesBuildPhase section */
		C704FC2F22F7319B00474F4E /* Sources */ = {
			isa = PBXSourcesBuildPhase;
			buildActionMask = 2147483647;
			files = (
				C704FC3922F7319B00474F4E /* ViewController.swift in Sources */,
				C704FC3722F7319B00474F4E /* AppDelegate.swift in Sources */,
			);
			runOnlyForDeploymentPostprocessing = 0;
		};
		C704FC4322F7319D00474F4E /* Sources */ = {
			isa = PBXSourcesBuildPhase;
			buildActionMask = 2147483647;
			files = (
				C704FC4C22F7319D00474F4E /* FoodTracksTests.swift in Sources */,
			);
			runOnlyForDeploymentPostprocessing = 0;
		};
		C704FC4E22F7319D00474F4E /* Sources */ = {
			isa = PBXSourcesBuildPhase;
			buildActionMask = 2147483647;
			files = (
				C704FC5722F7319D00474F4E /* FoodTracksUITests.swift in Sources */,
			);
			runOnlyForDeploymentPostprocessing = 0;
		};
/* End PBXSourcesBuildPhase section */

/* Begin PBXTargetDependency section */
		C704FC4922F7319D00474F4E /* PBXTargetDependency */ = {
			isa = PBXTargetDependency;
			target = C704FC3222F7319B00474F4E /* FoodTracks */;
			targetProxy = C704FC4822F7319D00474F4E /* PBXContainerItemProxy */;
		};
		C704FC5422F7319D00474F4E /* PBXTargetDependency */ = {
			isa = PBXTargetDependency;
			target = C704FC3222F7319B00474F4E /* FoodTracks */;
			targetProxy = C704FC5322F7319D00474F4E /* PBXContainerItemProxy */;
		};
/* End PBXTargetDependency section */

/* Begin PBXVariantGroup section */
		C704FC3A22F7319B00474F4E /* Main.storyboard */ = {
			isa = PBXVariantGroup;
			children = (
				C704FC3B22F7319B00474F4E /* Base */,
			);
			name = Main.storyboard;
			sourceTree = "<group>";
		};
		C704FC3F22F7319C00474F4E /* LaunchScreen.storyboard */ = {
			isa = PBXVariantGroup;
			children = (
				C704FC4022F7319C00474F4E /* Base */,
			);
			name = LaunchScreen.storyboard;
			sourceTree = "<group>";
		};
/* End PBXVariantGroup section */

/* Begin XCBuildConfiguration section */
		C704FC5922F7319D00474F4E /* Debug */ = {
			isa = XCBuildConfiguration;
			buildSettings = {
				ALWAYS_SEARCH_USER_PATHS = NO;
				CLANG_ANALYZER_NONNULL = YES;
				CLANG_ANALYZER_NUMBER_OBJECT_CONVERSION = YES_AGGRESSIVE;
				CLANG_CXX_LANGUAGE_STANDARD = "gnu++14";
				CLANG_CXX_LIBRARY = "libc++";
				CLANG_ENABLE_MODULES = YES;
				CLANG_ENABLE_OBJC_ARC = YES;
				CLANG_ENABLE_OBJC_WEAK = YES;
				CLANG_WARN_BLOCK_CAPTURE_AUTORELEASING = YES;
				CLANG_WARN_BOOL_CONVERSION = YES;
				CLANG_WARN_COMMA = YES;
				CLANG_WARN_CONSTANT_CONVERSION = YES;
				CLANG_WARN_DEPRECATED_OBJC_IMPLEMENTATIONS = YES;
				CLANG_WARN_DIRECT_OBJC_ISA_USAGE = YES_ERROR;
				CLANG_WARN_DOCUMENTATION_COMMENTS = YES;
				CLANG_WARN_EMPTY_BODY = YES;
				CLANG_WARN_ENUM_CONVERSION = YES;
				CLANG_WARN_INFINITE_RECURSION = YES;
				CLANG_WARN_INT_CONVERSION = YES;
				CLANG_WARN_NON_LITERAL_NULL_CONVERSION = YES;
				CLANG_WARN_OBJC_IMPLICIT_RETAIN_SELF = YES;
				CLANG_WARN_OBJC_LITERAL_CONVERSION = YES;
				CLANG_WARN_OBJC_ROOT_CLASS = YES_ERROR;
				CLANG_WARN_RANGE_LOOP_ANALYSIS = YES;
				CLANG_WARN_STRICT_PROTOTYPES = YES;
				CLANG_WARN_SUSPICIOUS_MOVE = YES;
				CLANG_WARN_UNGUARDED_AVAILABILITY = YES_AGGRESSIVE;
				CLANG_WARN_UNREACHABLE_CODE = YES;
				CLANG_WARN__DUPLICATE_METHOD_MATCH = YES;
				CODE_SIGN_IDENTITY = "iPhone Developer";
				COPY_PHASE_STRIP = NO;
				DEBUG_INFORMATION_FORMAT = dwarf;
				ENABLE_STRICT_OBJC_MSGSEND = YES;
				ENABLE_TESTABILITY = YES;
				GCC_C_LANGUAGE_STANDARD = gnu11;
				GCC_DYNAMIC_NO_PIC = NO;
				GCC_NO_COMMON_BLOCKS = YES;
				GCC_OPTIMIZATION_LEVEL = 0;
				GCC_PREPROCESSOR_DEFINITIONS = (
					"DEBUG=1",
					"$(inherited)",
				);
				GCC_WARN_64_TO_32_BIT_CONVERSION = YES;
				GCC_WARN_ABOUT_RETURN_TYPE = YES_ERROR;
				GCC_WARN_UNDECLARED_SELECTOR = YES;
				GCC_WARN_UNINITIALIZED_AUTOS = YES_AGGRESSIVE;
				GCC_WARN_UNUSED_FUNCTION = YES;
				GCC_WARN_UNUSED_VARIABLE = YES;
				IPHONEOS_DEPLOYMENT_TARGET = 12.4;
				MTL_ENABLE_DEBUG_INFO = INCLUDE_SOURCE;
				MTL_FAST_MATH = YES;
				ONLY_ACTIVE_ARCH = YES;
				SDKROOT = iphoneos;
				SWIFT_ACTIVE_COMPILATION_CONDITIONS = DEBUG;
				SWIFT_OPTIMIZATION_LEVEL = "-Onone";
			};
			name = Debug;
		};
		C704FC5A22F7319D00474F4E /* Release */ = {
			isa = XCBuildConfiguration;
			buildSettings = {
				ALWAYS_SEARCH_USER_PATHS = NO;
				CLANG_ANALYZER_NONNULL = YES;
				CLANG_ANALYZER_NUMBER_OBJECT_CONVERSION = YES_AGGRESSIVE;
				CLANG_CXX_LANGUAGE_STANDARD = "gnu++14";
				CLANG_CXX_LIBRARY = "libc++";
				CLANG_ENABLE_MODULES = YES;
				CLANG_ENABLE_OBJC_ARC = YES;
				CLANG_ENABLE_OBJC_WEAK = YES;
				CLANG_WARN_BLOCK_CAPTURE_AUTORELEASING = YES;
				CLANG_WARN_BOOL_CONVERSION = YES;
				CLANG_WARN_COMMA = YES;
				CLANG_WARN_CONSTANT_CONVERSION = YES;
				CLANG_WARN_DEPRECATED_OBJC_IMPLEMENTATIONS = YES;
				CLANG_WARN_DIRECT_OBJC_ISA_USAGE = YES_ERROR;
				CLANG_WARN_DOCUMENTATION_COMMENTS = YES;
				CLANG_WARN_EMPTY_BODY = YES;
				CLANG_WARN_ENUM_CONVERSION = YES;
				CLANG_WARN_INFINITE_RECURSION = YES;
				CLANG_WARN_INT_CONVERSION = YES;
				CLANG_WARN_NON_LITERAL_NULL_CONVERSION = YES;
				CLANG_WARN_OBJC_IMPLICIT_RETAIN_SELF = YES;
				CLANG_WARN_OBJC_LITERAL_CONVERSION = YES;
				CLANG_WARN_OBJC_ROOT_CLASS = YES_ERROR;
				CLANG_WARN_RANGE_LOOP_ANALYSIS = YES;
				CLANG_WARN_STRICT_PROTOTYPES = YES;
				CLANG_WARN_SUSPICIOUS_MOVE = YES;
				CLANG_WARN_UNGUARDED_AVAILABILITY = YES_AGGRESSIVE;
				CLANG_WARN_UNREACHABLE_CODE = YES;
				CLANG_WARN__DUPLICATE_METHOD_MATCH = YES;
				CODE_SIGN_IDENTITY = "iPhone Developer";
				COPY_PHASE_STRIP = NO;
				DEBUG_INFORMATION_FORMAT = "dwarf-with-dsym";
				ENABLE_NS_ASSERTIONS = NO;
				ENABLE_STRICT_OBJC_MSGSEND = YES;
				GCC_C_LANGUAGE_STANDARD = gnu11;
				GCC_NO_COMMON_BLOCKS = YES;
				GCC_WARN_64_TO_32_BIT_CONVERSION = YES;
				GCC_WARN_ABOUT_RETURN_TYPE = YES_ERROR;
				GCC_WARN_UNDECLARED_SELECTOR = YES;
				GCC_WARN_UNINITIALIZED_AUTOS = YES_AGGRESSIVE;
				GCC_WARN_UNUSED_FUNCTION = YES;
				GCC_WARN_UNUSED_VARIABLE = YES;
				IPHONEOS_DEPLOYMENT_TARGET = 12.4;
				MTL_ENABLE_DEBUG_INFO = NO;
				MTL_FAST_MATH = YES;
				SDKROOT = iphoneos;
				SWIFT_COMPILATION_MODE = wholemodule;
				SWIFT_OPTIMIZATION_LEVEL = "-O";
				VALIDATE_PRODUCT = YES;
			};
			name = Release;
		};
		C704FC5C22F7319D00474F4E /* Debug */ = {
			isa = XCBuildConfiguration;
			buildSettings = {
				ASSETCATALOG_COMPILER_APPICON_NAME = AppIcon;
				CODE_SIGN_STYLE = Automatic;
				DEVELOPMENT_TEAM = 7FXZRLUNM7;
				INFOPLIST_FILE = FoodTracks/Info.plist;
				LD_RUNPATH_SEARCH_PATHS = (
					"$(inherited)",
					"@executable_path/Frameworks",
				);
				PRODUCT_BUNDLE_IDENTIFIER = JustinVargas.FoodTracks;
				PRODUCT_NAME = "$(TARGET_NAME)";
				SWIFT_VERSION = 5.0;
				TARGETED_DEVICE_FAMILY = "1,2";
			};
			name = Debug;
		};
		C704FC5D22F7319D00474F4E /* Release */ = {
			isa = XCBuildConfiguration;
			buildSettings = {
				ASSETCATALOG_COMPILER_APPICON_NAME = AppIcon;
				CODE_SIGN_STYLE = Automatic;
				DEVELOPMENT_TEAM = 7FXZRLUNM7;
				INFOPLIST_FILE = FoodTracks/Info.plist;
				LD_RUNPATH_SEARCH_PATHS = (
					"$(inherited)",
					"@executable_path/Frameworks",
				);
				PRODUCT_BUNDLE_IDENTIFIER = JustinVargas.FoodTracks;
				PRODUCT_NAME = "$(TARGET_NAME)";
				SWIFT_VERSION = 5.0;
				TARGETED_DEVICE_FAMILY = "1,2";
			};
			name = Release;
		};
		C704FC5F22F7319D00474F4E /* Debug */ = {
			isa = XCBuildConfiguration;
			buildSettings = {
				ALWAYS_EMBED_SWIFT_STANDARD_LIBRARIES = YES;
				BUNDLE_LOADER = "$(TEST_HOST)";
				CODE_SIGN_STYLE = Automatic;
				DEVELOPMENT_TEAM = 7FXZRLUNM7;
				INFOPLIST_FILE = FoodTracksTests/Info.plist;
				LD_RUNPATH_SEARCH_PATHS = (
					"$(inherited)",
					"@executable_path/Frameworks",
					"@loader_path/Frameworks",
				);
				PRODUCT_BUNDLE_IDENTIFIER = JustinVargas.FoodTracksTests;
				PRODUCT_NAME = "$(TARGET_NAME)";
				SWIFT_VERSION = 5.0;
				TARGETED_DEVICE_FAMILY = "1,2";
				TEST_HOST = "$(BUILT_PRODUCTS_DIR)/FoodTracks.app/FoodTracks";
			};
			name = Debug;
		};
		C704FC6022F7319D00474F4E /* Release */ = {
			isa = XCBuildConfiguration;
			buildSettings = {
				ALWAYS_EMBED_SWIFT_STANDARD_LIBRARIES = YES;
				BUNDLE_LOADER = "$(TEST_HOST)";
				CODE_SIGN_STYLE = Automatic;
				DEVELOPMENT_TEAM = 7FXZRLUNM7;
				INFOPLIST_FILE = FoodTracksTests/Info.plist;
				LD_RUNPATH_SEARCH_PATHS = (
					"$(inherited)",
					"@executable_path/Frameworks",
					"@loader_path/Frameworks",
				);
				PRODUCT_BUNDLE_IDENTIFIER = JustinVargas.FoodTracksTests;
				PRODUCT_NAME = "$(TARGET_NAME)";
				SWIFT_VERSION = 5.0;
				TARGETED_DEVICE_FAMILY = "1,2";
				TEST_HOST = "$(BUILT_PRODUCTS_DIR)/FoodTracks.app/FoodTracks";
			};
			name = Release;
		};
		C704FC6222F7319D00474F4E /* Debug */ = {
			isa = XCBuildConfiguration;
			buildSettings = {
				ALWAYS_EMBED_SWIFT_STANDARD_LIBRARIES = YES;
				CODE_SIGN_STYLE = Automatic;
				DEVELOPMENT_TEAM = 7FXZRLUNM7;
				INFOPLIST_FILE = FoodTracksUITests/Info.plist;
				LD_RUNPATH_SEARCH_PATHS = (
					"$(inherited)",
					"@executable_path/Frameworks",
					"@loader_path/Frameworks",
				);
				PRODUCT_BUNDLE_IDENTIFIER = JustinVargas.FoodTracksUITests;
				PRODUCT_NAME = "$(TARGET_NAME)";
				SWIFT_VERSION = 5.0;
				TARGETED_DEVICE_FAMILY = "1,2";
				TEST_TARGET_NAME = FoodTracks;
			};
			name = Debug;
		};
		C704FC6322F7319D00474F4E /* Release */ = {
			isa = XCBuildConfiguration;
			buildSettings = {
				ALWAYS_EMBED_SWIFT_STANDARD_LIBRARIES = YES;
				CODE_SIGN_STYLE = Automatic;
				DEVELOPMENT_TEAM = 7FXZRLUNM7;
				INFOPLIST_FILE = FoodTracksUITests/Info.plist;
				LD_RUNPATH_SEARCH_PATHS = (
					"$(inherited)",
					"@executable_path/Frameworks",
					"@loader_path/Frameworks",
				);
				PRODUCT_BUNDLE_IDENTIFIER = JustinVargas.FoodTracksUITests;
				PRODUCT_NAME = "$(TARGET_NAME)";
				SWIFT_VERSION = 5.0;
				TARGETED_DEVICE_FAMILY = "1,2";
				TEST_TARGET_NAME = FoodTracks;
			};
			name = Release;
		};
/* End XCBuildConfiguration section */

/* Begin XCConfigurationList section */
		C704FC2E22F7319B00474F4E /* Build configuration list for PBXProject "FoodTracks" */ = {
			isa = XCConfigurationList;
			buildConfigurations = (
				C704FC5922F7319D00474F4E /* Debug */,
				C704FC5A22F7319D00474F4E /* Release */,
			);
			defaultConfigurationIsVisible = 0;
			defaultConfigurationName = Release;
		};
		C704FC5B22F7319D00474F4E /* Build configuration list for PBXNativeTarget "FoodTracks" */ = {
			isa = XCConfigurationList;
			buildConfigurations = (
				C704FC5C22F7319D00474F4E /* Debug */,
				C704FC5D22F7319D00474F4E /* Release */,
			);
			defaultConfigurationIsVisible = 0;
			defaultConfigurationName = Release;
		};
		C704FC5E22F7319D00474F4E /* Build configuration list for PBXNativeTarget "FoodTracksTests" */ = {
			isa = XCConfigurationList;
			buildConfigurations = (
				C704FC5F22F7319D00474F4E /* Debug */,
				C704FC6022F7319D00474F4E /* Release */,
			);
			defaultConfigurationIsVisible = 0;
			defaultConfigurationName = Release;
		};
		C704FC6122F7319D00474F4E /* Build configuration list for PBXNativeTarget "FoodTracksUITests" */ = {
			isa = XCConfigurationList;
			buildConfigurations = (
				C704FC6222F7319D00474F4E /* Debug */,
				C704FC6322F7319D00474F4E /* Release */,
			);
			defaultConfigurationIsVisible = 0;
			defaultConfigurationName = Release;
		};
/* End XCConfigurationList section */
	};
	rootObject = C704FC2B22F7319B00474F4E /* Project object */;
}
